// !$*UTF8*$!
{
	archiveVersion = 1;
	classes = {
	};
	objectVersion = 55;
	objects = {

/* Begin PBXBuildFile section */
		74C17E692A4974A50066759C /* AppDelegate.swift in Sources */ = {isa = PBXBuildFile; fileRef = 74C17E682A4974A50066759C /* AppDelegate.swift */; };
		74C17E6B2A4974A50066759C /* SceneDelegate.swift in Sources */ = {isa = PBXBuildFile; fileRef = 74C17E6A2A4974A50066759C /* SceneDelegate.swift */; };
		74C17E6D2A4974A50066759C /* ViewController.swift in Sources */ = {isa = PBXBuildFile; fileRef = 74C17E6C2A4974A50066759C /* ViewController.swift */; };
		74C17E702A4974A50066759C /* Main.storyboard in Resources */ = {isa = PBXBuildFile; fileRef = 74C17E6E2A4974A50066759C /* Main.storyboard */; };
		74C17E722A4974A60066759C /* Assets.xcassets in Resources */ = {isa = PBXBuildFile; fileRef = 74C17E712A4974A60066759C /* Assets.xcassets */; };
		74C17E752A4974A60066759C /* LaunchScreen.storyboard in Resources */ = {isa = PBXBuildFile; fileRef = 74C17E732A4974A60066759C /* LaunchScreen.storyboard */; };
		74C17E7D2A49753F0066759C /* Coordinator.swift in Sources */ = {isa = PBXBuildFile; fileRef = 74C17E7C2A49753F0066759C /* Coordinator.swift */; };
		74C17E7F2A4976490066759C /* StoryBoarded.swift in Sources */ = {isa = PBXBuildFile; fileRef = 74C17E7E2A4976490066759C /* StoryBoarded.swift */; };
		74C17E812A498AD60066759C /* MainCoordinator.swift in Sources */ = {isa = PBXBuildFile; fileRef = 74C17E802A498AD60066759C /* MainCoordinator.swift */; };
		74C17E882A498F7E0066759C /* CreateViewController.swift in Sources */ = {isa = PBXBuildFile; fileRef = 74C17E872A498F7E0066759C /* CreateViewController.swift */; };
		74C17E8A2A498F8F0066759C /* BuyViewController.swift in Sources */ = {isa = PBXBuildFile; fileRef = 74C17E892A498F8F0066759C /* BuyViewController.swift */; };
/* End PBXBuildFile section */

/* Begin PBXFileReference section */
		74C17E652A4974A50066759C /* Coordinator Pattern.app */ = {isa = PBXFileReference; explicitFileType = wrapper.application; includeInIndex = 0; path = "Coordinator Pattern.app"; sourceTree = BUILT_PRODUCTS_DIR; };
		74C17E682A4974A50066759C /* AppDelegate.swift */ = {isa = PBXFileReference; lastKnownFileType = sourcecode.swift; path = AppDelegate.swift; sourceTree = "<group>"; };
		74C17E6A2A4974A50066759C /* SceneDelegate.swift */ = {isa = PBXFileReference; lastKnownFileType = sourcecode.swift; path = SceneDelegate.swift; sourceTree = "<group>"; };
		74C17E6C2A4974A50066759C /* ViewController.swift */ = {isa = PBXFileReference; lastKnownFileType = sourcecode.swift; path = ViewController.swift; sourceTree = "<group>"; };
		74C17E6F2A4974A50066759C /* Base */ = {isa = PBXFileReference; lastKnownFileType = file.storyboard; name = Base; path = Base.lproj/Main.storyboard; sourceTree = "<group>"; };
		74C17E712A4974A60066759C /* Assets.xcassets */ = {isa = PBXFileReference; lastKnownFileType = folder.assetcatalog; path = Assets.xcassets; sourceTree = "<group>"; };
		74C17E742A4974A60066759C /* Base */ = {isa = PBXFileReference; lastKnownFileType = file.storyboard; name = Base; path = Base.lproj/LaunchScreen.storyboard; sourceTree = "<group>"; };
		74C17E762A4974A60066759C /* Info.plist */ = {isa = PBXFileReference; lastKnownFileType = text.plist.xml; path = Info.plist; sourceTree = "<group>"; };
		74C17E7C2A49753F0066759C /* Coordinator.swift */ = {isa = PBXFileReference; lastKnownFileType = sourcecode.swift; path = Coordinator.swift; sourceTree = "<group>"; };
		74C17E7E2A4976490066759C /* StoryBoarded.swift */ = {isa = PBXFileReference; lastKnownFileType = sourcecode.swift; path = StoryBoarded.swift; sourceTree = "<group>"; };
		74C17E802A498AD60066759C /* MainCoordinator.swift */ = {isa = PBXFileReference; lastKnownFileType = sourcecode.swift; path = MainCoordinator.swift; sourceTree = "<group>"; };
		74C17E872A498F7E0066759C /* CreateViewController.swift */ = {isa = PBXFileReference; lastKnownFileType = sourcecode.swift; path = CreateViewController.swift; sourceTree = "<group>"; };
		74C17E892A498F8F0066759C /* BuyViewController.swift */ = {isa = PBXFileReference; lastKnownFileType = sourcecode.swift; path = BuyViewController.swift; sourceTree = "<group>"; };
/* End PBXFileReference section */

/* Begin PBXFrameworksBuildPhase section */
		74C17E622A4974A50066759C /* Frameworks */ = {
			isa = PBXFrameworksBuildPhase;
			buildActionMask = 2147483647;
			files = (
			);
			runOnlyForDeploymentPostprocessing = 0;
		};
/* End PBXFrameworksBuildPhase section */

/* Begin PBXGroup section */
		74C17E5C2A4974A50066759C = {
			isa = PBXGroup;
			children = (
				74C17E672A4974A50066759C /* Coordinator Pattern */,
				74C17E662A4974A50066759C /* Products */,
			);
			sourceTree = "<group>";
		};
		74C17E662A4974A50066759C /* Products */ = {
			isa = PBXGroup;
			children = (
				74C17E652A4974A50066759C /* Coordinator Pattern.app */,
			);
			name = Products;
			sourceTree = "<group>";
		};
		74C17E672A4974A50066759C /* Coordinator Pattern */ = {
			isa = PBXGroup;
			children = (
				74C17E822A498AE00066759C /* Coordinator */,
				74C17E682A4974A50066759C /* AppDelegate.swift */,
				74C17E872A498F7E0066759C /* CreateViewController.swift */,
				74C17E892A498F8F0066759C /* BuyViewController.swift */,
				74C17E6A2A4974A50066759C /* SceneDelegate.swift */,
				74C17E6C2A4974A50066759C /* ViewController.swift */,
				74C17E6E2A4974A50066759C /* Main.storyboard */,
				74C17E712A4974A60066759C /* Assets.xcassets */,
				74C17E732A4974A60066759C /* LaunchScreen.storyboard */,
				74C17E762A4974A60066759C /* Info.plist */,
			);
			path = "Coordinator Pattern";
			sourceTree = "<group>";
		};
		74C17E822A498AE00066759C /* Coordinator */ = {
			isa = PBXGroup;
			children = (
				74C17E7C2A49753F0066759C /* Coordinator.swift */,
				74C17E7E2A4976490066759C /* StoryBoarded.swift */,
				74C17E802A498AD60066759C /* MainCoordinator.swift */,
			);
			path = Coordinator;
			sourceTree = "<group>";
		};
/* End PBXGroup section */

/* Begin PBXNativeTarget section */
		74C17E642A4974A50066759C /* Coordinator Pattern */ = {
			isa = PBXNativeTarget;
			buildConfigurationList = 74C17E792A4974A60066759C /* Build configuration list for PBXNativeTarget "Coordinator Pattern" */;
			buildPhases = (
				74C17E612A4974A50066759C /* Sources */,
				74C17E622A4974A50066759C /* Frameworks */,
				74C17E632A4974A50066759C /* Resources */,
			);
			buildRules = (
			);
			dependencies = (
			);
			name = "Coordinator Pattern";
			productName = "Coordinator Pattern";
			productReference = 74C17E652A4974A50066759C /* Coordinator Pattern.app */;
			productType = "com.apple.product-type.application";
		};
/* End PBXNativeTarget section */

/* Begin PBXProject section */
		74C17E5D2A4974A50066759C /* Project object */ = {
			isa = PBXProject;
			attributes = {
				BuildIndependentTargetsInParallel = 1;
				LastSwiftUpdateCheck = 1430;
				LastUpgradeCheck = 1430;
				TargetAttributes = {
					74C17E642A4974A50066759C = {
						CreatedOnToolsVersion = 14.3.1;
					};
				};
			};
			buildConfigurationList = 74C17E602A4974A50066759C /* Build configuration list for PBXProject "Coordinator Pattern" */;
			compatibilityVersion = "Xcode 13.0";
			developmentRegion = en;
			hasScannedForEncodings = 0;
			knownRegions = (
				en,
				Base,
			);
			mainGroup = 74C17E5C2A4974A50066759C;
			productRefGroup = 74C17E662A4974A50066759C /* Products */;
			projectDirPath = "";
			projectRoot = "";
			targets = (
				74C17E642A4974A50066759C /* Coordinator Pattern */,
			);
		};
/* End PBXProject section */

/* Begin PBXResourcesBuildPhase section */
		74C17E632A4974A50066759C /* Resources */ = {
			isa = PBXResourcesBuildPhase;
			buildActionMask = 2147483647;
			files = (
				74C17E752A4974A60066759C /* LaunchScreen.storyboard in Resources */,
				74C17E722A4974A60066759C /* Assets.xcassets in Resources */,
				74C17E702A4974A50066759C /* Main.storyboard in Resources */,
			);
			runOnlyForDeploymentPostprocessing = 0;
		};
/* End PBXResourcesBuildPhase section */

/* Begin PBXSourcesBuildPhase section */
		74C17E612A4974A50066759C /* Sources */ = {
			isa = PBXSourcesBuildPhase;
			buildActionMask = 2147483647;
			files = (
				74C17E7F2A4976490066759C /* StoryBoarded.swift in Sources */,
				74C17E8A2A498F8F0066759C /* BuyViewController.swift in Sources */,
				74C17E812A498AD60066759C /* MainCoordinator.swift in Sources */,
				74C17E882A498F7E0066759C /* CreateViewController.swift in Sources */,
				74C17E7D2A49753F0066759C /* Coordinator.swift in Sources */,
				74C17E6D2A4974A50066759C /* ViewController.swift in Sources */,
				74C17E692A4974A50066759C /* AppDelegate.swift in Sources */,
				74C17E6B2A4974A50066759C /* SceneDelegate.swift in Sources */,
			);
			runOnlyForDeploymentPostprocessing = 0;
		};
/* End PBXSourcesBuildPhase section */

/* Begin PBXVariantGroup section */
		74C17E6E2A4974A50066759C /* Main.storyboard */ = {
			isa = PBXVariantGroup;
			children = (
				74C17E6F2A4974A50066759C /* Base */,
			);
			name = Main.storyboard;
			sourceTree = "<group>";
		};
		74C17E732A4974A60066759C /* LaunchScreen.storyboard */ = {
			isa = PBXVariantGroup;
			children = (
				74C17E742A4974A60066759C /* Base */,
			);
			name = LaunchScreen.storyboard;
			sourceTree = "<group>";
		};
/* End PBXVariantGroup section */

/* Begin XCBuildConfiguration section */
		74C17E772A4974A60066759C /* Debug */ = {
			isa = XCBuildConfiguration;
			buildSettings = {
				ALWAYS_SEARCH_USER_PATHS = NO;
				CLANG_ANALYZER_NONNULL = YES;
				CLANG_ANALYZER_NUMBER_OBJECT_CONVERSION = YES_AGGRESSIVE;
				CLANG_CXX_LANGUAGE_STANDARD = "gnu++20";
				CLANG_ENABLE_MODULES = YES;
				CLANG_ENABLE_OBJC_ARC = YES;
				CLANG_ENABLE_OBJC_WEAK = YES;
				CLANG_WARN_BLOCK_CAPTURE_AUTORELEASING = YES;
				CLANG_WARN_BOOL_CONVERSION = YES;
				CLANG_WARN_COMMA = YES;
				CLANG_WARN_CONSTANT_CONVERSION = YES;
				CLANG_WARN_DEPRECATED_OBJC_IMPLEMENTATIONS = YES;
				CLANG_WARN_DIRECT_OBJC_ISA_USAGE = YES_ERROR;
				CLANG_WARN_DOCUMENTATION_COMMENTS = YES;
				CLANG_WARN_EMPTY_BODY = YES;
				CLANG_WARN_ENUM_CONVERSION = YES;
				CLANG_WARN_INFINITE_RECURSION = YES;
				CLANG_WARN_INT_CONVERSION = YES;
				CLANG_WARN_NON_LITERAL_NULL_CONVERSION = YES;
				CLANG_WARN_OBJC_IMPLICIT_RETAIN_SELF = YES;
				CLANG_WARN_OBJC_LITERAL_CONVERSION = YES;
				CLANG_WARN_OBJC_ROOT_CLASS = YES_ERROR;
				CLANG_WARN_QUOTED_INCLUDE_IN_FRAMEWORK_HEADER = YES;
				CLANG_WARN_RANGE_LOOP_ANALYSIS = YES;
				CLANG_WARN_STRICT_PROTOTYPES = YES;
				CLANG_WARN_SUSPICIOUS_MOVE = YES;
				CLANG_WARN_UNGUARDED_AVAILABILITY = YES_AGGRESSIVE;
				CLANG_WARN_UNREACHABLE_CODE = YES;
				CLANG_WARN__DUPLICATE_METHOD_MATCH = YES;
				COPY_PHASE_STRIP = NO;
				DEBUG_INFORMATION_FORMAT = dwarf;
				ENABLE_STRICT_OBJC_MSGSEND = YES;
				ENABLE_TESTABILITY = YES;
				GCC_C_LANGUAGE_STANDARD = gnu11;
				GCC_DYNAMIC_NO_PIC = NO;
				GCC_NO_COMMON_BLOCKS = YES;
				GCC_OPTIMIZATION_LEVEL = 0;
				GCC_PREPROCESSOR_DEFINITIONS = (
					"DEBUG=1",
					"$(inherited)",
				);
				GCC_WARN_64_TO_32_BIT_CONVERSION = YES;
				GCC_WARN_ABOUT_RETURN_TYPE = YES_ERROR;
				GCC_WARN_UNDECLARED_SELECTOR = YES;
				GCC_WARN_UNINITIALIZED_AUTOS = YES_AGGRESSIVE;
				GCC_WARN_UNUSED_FUNCTION = YES;
				GCC_WARN_UNUSED_VARIABLE = YES;
				IPHONEOS_DEPLOYMENT_TARGET = 16.4;
				MTL_ENABLE_DEBUG_INFO = INCLUDE_SOURCE;
				MTL_FAST_MATH = YES;
				ONLY_ACTIVE_ARCH = YES;
				SDKROOT = iphoneos;
				SWIFT_ACTIVE_COMPILATION_CONDITIONS = DEBUG;
				SWIFT_OPTIMIZATION_LEVEL = "-Onone";
			};
			name = Debug;
		};
		74C17E782A4974A60066759C /* Release */ = {
			isa = XCBuildConfiguration;
			buildSettings = {
				ALWAYS_SEARCH_USER_PATHS = NO;
				CLANG_ANALYZER_NONNULL = YES;
				CLANG_ANALYZER_NUMBER_OBJECT_CONVERSION = YES_AGGRESSIVE;
				CLANG_CXX_LANGUAGE_STANDARD = "gnu++20";
				CLANG_ENABLE_MODULES = YES;
				CLANG_ENABLE_OBJC_ARC = YES;
				CLANG_ENABLE_OBJC_WEAK = YES;
				CLANG_WARN_BLOCK_CAPTURE_AUTORELEASING = YES;
				CLANG_WARN_BOOL_CONVERSION = YES;
				CLANG_WARN_COMMA = YES;
				CLANG_WARN_CONSTANT_CONVERSION = YES;
				CLANG_WARN_DEPRECATED_OBJC_IMPLEMENTATIONS = YES;
				CLANG_WARN_DIRECT_OBJC_ISA_USAGE = YES_ERROR;
				CLANG_WARN_DOCUMENTATION_COMMENTS = YES;
				CLANG_WARN_EMPTY_BODY = YES;
				CLANG_WARN_ENUM_CONVERSION = YES;
				CLANG_WARN_INFINITE_RECURSION = YES;
				CLANG_WARN_INT_CONVERSION = YES;
				CLANG_WARN_NON_LITERAL_NULL_CONVERSION = YES;
				CLANG_WARN_OBJC_IMPLICIT_RETAIN_SELF = YES;
				CLANG_WARN_OBJC_LITERAL_CONVERSION = YES;
				CLANG_WARN_OBJC_ROOT_CLASS = YES_ERROR;
				CLANG_WARN_QUOTED_INCLUDE_IN_FRAMEWORK_HEADER = YES;
				CLANG_WARN_RANGE_LOOP_ANALYSIS = YES;
				CLANG_WARN_STRICT_PROTOTYPES = YES;
				CLANG_WARN_SUSPICIOUS_MOVE = YES;
				CLANG_WARN_UNGUARDED_AVAILABILITY = YES_AGGRESSIVE;
				CLANG_WARN_UNREACHABLE_CODE = YES;
				CLANG_WARN__DUPLICATE_METHOD_MATCH = YES;
				COPY_PHASE_STRIP = NO;
				DEBUG_INFORMATION_FORMAT = "dwarf-with-dsym";
				ENABLE_NS_ASSERTIONS = NO;
				ENABLE_STRICT_OBJC_MSGSEND = YES;
				GCC_C_LANGUAGE_STANDARD = gnu11;
				GCC_NO_COMMON_BLOCKS = YES;
				GCC_WARN_64_TO_32_BIT_CONVERSION = YES;
				GCC_WARN_ABOUT_RETURN_TYPE = YES_ERROR;
				GCC_WARN_UNDECLARED_SELECTOR = YES;
				GCC_WARN_UNINITIALIZED_AUTOS = YES_AGGRESSIVE;
				GCC_WARN_UNUSED_FUNCTION = YES;
				GCC_WARN_UNUSED_VARIABLE = YES;
				IPHONEOS_DEPLOYMENT_TARGET = 16.4;
				MTL_ENABLE_DEBUG_INFO = NO;
				MTL_FAST_MATH = YES;
				SDKROOT = iphoneos;
				SWIFT_COMPILATION_MODE = wholemodule;
				SWIFT_OPTIMIZATION_LEVEL = "-O";
				VALIDATE_PRODUCT = YES;
			};
			name = Release;
		};
		74C17E7A2A4974A60066759C /* Debug */ = {
			isa = XCBuildConfiguration;
			buildSettings = {
				ASSETCATALOG_COMPILER_APPICON_NAME = AppIcon;
				ASSETCATALOG_COMPILER_GLOBAL_ACCENT_COLOR_NAME = AccentColor;
				CODE_SIGN_STYLE = Automatic;
				CURRENT_PROJECT_VERSION = 1;
				GENERATE_INFOPLIST_FILE = YES;
				INFOPLIST_FILE = "Coordinator Pattern/Info.plist";
				INFOPLIST_KEY_UIApplicationSupportsIndirectInputEvents = YES;
				INFOPLIST_KEY_UILaunchStoryboardName = LaunchScreen;
				INFOPLIST_KEY_UIStatusBarStyle = "";
				INFOPLIST_KEY_UISupportedInterfaceOrientations_iPad = "UIInterfaceOrientationPortrait UIInterfaceOrientationPortraitUpsideDown UIInterfaceOrientationLandscapeLeft UIInterfaceOrientationLandscapeRight";
				INFOPLIST_KEY_UISupportedInterfaceOrientations_iPhone = "UIInterfaceOrientationPortrait UIInterfaceOrientationLandscapeLeft UIInterfaceOrientationLandscapeRight";
				IPHONEOS_DEPLOYMENT_TARGET = 15.6;
				LD_RUNPATH_SEARCH_PATHS = (
					"$(inherited)",
					"@executable_path/Frameworks",
				);
				MARKETING_VERSION = 1.0;
				PRODUCT_BUNDLE_IDENTIFIER = "com.rencheeraj.Coordinator-Pattern";
				PRODUCT_NAME = "$(TARGET_NAME)";
				SWIFT_EMIT_LOC_STRINGS = YES;
				SWIFT_VERSION = 5.0;
				TARGETED_DEVICE_FAMILY = "1,2";
			};
			name = Debug;
		};
		74C17E7B2A4974A60066759C /* Release */ = {
			isa = XCBuildConfiguration;
			buildSettings = {
				ASSETCATALOG_COMPILER_APPICON_NAME = AppIcon;
				ASSETCATALOG_COMPILER_GLOBAL_ACCENT_COLOR_NAME = AccentColor;
				CODE_SIGN_STYLE = Automatic;
				CURRENT_PROJECT_VERSION = 1;
				GENERATE_INFOPLIST_FILE = YES;
				INFOPLIST_FILE = "Coordinator Pattern/Info.plist";
				INFOPLIST_KEY_UIApplicationSupportsIndirectInputEvents = YES;
				INFOPLIST_KEY_UILaunchStoryboardName = LaunchScreen;
				INFOPLIST_KEY_UIStatusBarStyle = "";
				INFOPLIST_KEY_UISupportedInterfaceOrientations_iPad = "UIInterfaceOrientationPortrait UIInterfaceOrientationPortraitUpsideDown UIInterfaceOrientationLandscapeLeft UIInterfaceOrientationLandscapeRight";
				INFOPLIST_KEY_UISupportedInterfaceOrientations_iPhone = "UIInterfaceOrientationPortrait UIInterfaceOrientationLandscapeLeft UIInterfaceOrientationLandscapeRight";
				IPHONEOS_DEPLOYMENT_TARGET = 15.6;
				LD_RUNPATH_SEARCH_PATHS = (
					"$(inherited)",
					"@executable_path/Frameworks",
				);
				MARKETING_VERSION = 1.0;
				PRODUCT_BUNDLE_IDENTIFIER = "com.rencheeraj.Coordinator-Pattern";
				PRODUCT_NAME = "$(TARGET_NAME)";
				SWIFT_EMIT_LOC_STRINGS = YES;
				SWIFT_VERSION = 5.0;
				TARGETED_DEVICE_FAMILY = "1,2";
			};
			name = Release;
		};
/* End XCBuildConfiguration section */

/* Begin XCConfigurationList section */
		74C17E602A4974A50066759C /* Build configuration list for PBXProject "Coordinator Pattern" */ = {
			isa = XCConfigurationList;
			buildConfigurations = (
				74C17E772A4974A60066759C /* Debug */,
				74C17E782A4974A60066759C /* Release */,
			);
			defaultConfigurationIsVisible = 0;
			defaultConfigurationName = Release;
		};
		74C17E792A4974A60066759C /* Build configuration list for PBXNativeTarget "Coordinator Pattern" */ = {
			isa = XCConfigurationList;
			buildConfigurations = (
				74C17E7A2A4974A60066759C /* Debug */,
				74C17E7B2A4974A60066759C /* Release */,
			);
			defaultConfigurationIsVisible = 0;
			defaultConfigurationName = Release;
		};
/* End XCConfigurationList section */
	};
	rootObject = 74C17E5D2A4974A50066759C /* Project object */;
}
